
Microsoft Visual Studio Solution File, Format Version 12.00
# Visual Studio Version 16
VisualStudioVersion = 16.0.32106.194
MinimumVisualStudioVersion = 10.0.40219.1
Project("{FAE04EC0-301F-11D3-BF4B-00C04F79EFBC}") = "Blackjack", "Blackjack\Blackjack.csproj", "{BF2D3499-23D0-4EE5-B1C2-179E79A0F2CB}"
EndProject
Global
	GlobalSection(SolutionConfigurationPlatforms) = preSolution
		Debug|Any CPU = Debug|Any CPU
		Release|Any CPU = Release|Any CPU
	EndGlobalSection
	GlobalSection(ProjectConfigurationPlatforms) = postSolution
		{BF2D3499-23D0-4EE5-B1C2-179E79A0F2CB}.Debug|Any CPU.ActiveCfg = Debug|Any CPU
		{BF2D3499-23D0-4EE5-B1C2-179E79A0F2CB}.Debug|Any CPU.Build.0 = Debug|Any CPU
		{BF2D3499-23D0-4EE5-B1C2-179E79A0F2CB}.Release|Any CPU.ActiveCfg = Release|Any CPU
		{BF2D3499-23D0-4EE5-B1C2-179E79A0F2CB}.Release|Any CPU.Build.0 = Release|Any CPU
	EndGlobalSection
	GlobalSection(SolutionProperties) = preSolution
		HideSolutionNode = FALSE
	EndGlobalSection
	GlobalSection(ExtensibilityGlobals) = postSolution
		SolutionGuid = {116DFA43-F25C-41A6-A54F-745A2F36F129}
	EndGlobalSection
EndGlobal
